// !$*UTF8*$!
{
	archiveVersion = 1;
	classes = {
	};
	objectVersion = 77;
	objects = {

/* Begin PBXBuildFile section */
		CA682E5A2E7873AE00914E98 /* Assets.xcassets in Resources */ = {isa = PBXBuildFile; fileRef = CA682E542E7873AE00914E98 /* Assets.xcassets */; };
		CA682E5B2E7873AE00914E98 /* MainApp.swift in Sources */ = {isa = PBXBuildFile; fileRef = CA682E552E7873AE00914E98 /* MainApp.swift */; };
		CA682E5C2E7873AE00914E98 /* MainScreenView.swift in Sources */ = {isa = PBXBuildFile; fileRef = CA682E562E7873AE00914E98 /* MainScreenView.swift */; };
		CA682E5D2E7873AE00914E98 /* MainStorageContainer.xcdatamodeld in Sources */ = {isa = PBXBuildFile; fileRef = CA682E572E7873AE00914E98 /* MainStorageContainer.xcdatamodeld */; };
		CA682E652E78742D00914E98 /* Constants.swift in Sources */ = {isa = PBXBuildFile; fileRef = CA682E642E78742700914E98 /* Constants.swift */; };
		CA682E672E78755500914E98 /* CoreDataHelper.swift in Sources */ = {isa = PBXBuildFile; fileRef = CA682E662E78754B00914E98 /* CoreDataHelper.swift */; };
		CA682E692E7878B500914E98 /* MainScreenViewModel.swift in Sources */ = {isa = PBXBuildFile; fileRef = CA682E682E7878AD00914E98 /* MainScreenViewModel.swift */; };
		CA682E6E2E787A0700914E98 /* DescriptionSceenView.swift in Sources */ = {isa = PBXBuildFile; fileRef = CA682E6D2E787A0700914E98 /* DescriptionSceenView.swift */; };
		CA682E732E788BBD00914E98 /* NetworkService.swift in Sources */ = {isa = PBXBuildFile; fileRef = CA682E722E788BBB00914E98 /* NetworkService.swift */; };
		CA682E752E788BC500914E98 /* CoreDataStorageService.swift in Sources */ = {isa = PBXBuildFile; fileRef = CA682E742E788BC100914E98 /* CoreDataStorageService.swift */; };
		CA956A242E798EA100E759FD /* NumberTextView.swift in Sources */ = {isa = PBXBuildFile; fileRef = CA956A232E798EA100E759FD /* NumberTextView.swift */; };
		CA956A262E798FAF00E759FD /* ButtonStyle.swift in Sources */ = {isa = PBXBuildFile; fileRef = CA956A252E798FAF00E759FD /* ButtonStyle.swift */; };
		CA956A292E79A53100E759FD /* NumberDataModel.swift in Sources */ = {isa = PBXBuildFile; fileRef = CA956A282E79A53100E759FD /* NumberDataModel.swift */; };
		CA956A2B2E79A56900E759FD /* StorageProtocol.swift in Sources */ = {isa = PBXBuildFile; fileRef = CA956A2A2E79A56000E759FD /* StorageProtocol.swift */; };
		CA956A2D2E79AA2D00E759FD /* UserDefaultsStorageServece.swift in Sources */ = {isa = PBXBuildFile; fileRef = CA956A2C2E79AA1F00E759FD /* UserDefaultsStorageServece.swift */; };
		CA956A302E79B51700E759FD /* StorageService.swift in Sources */ = {isa = PBXBuildFile; fileRef = CA956A2F2E79B51700E759FD /* StorageService.swift */; };
/* End PBXBuildFile section */

/* Begin PBXFileReference section */
		CA0E38B02E786DB8002016A5 /* NumbersFactsApp.app */ = {isa = PBXFileReference; explicitFileType = wrapper.application; includeInIndex = 0; path = NumbersFactsApp.app; sourceTree = BUILT_PRODUCTS_DIR; };
		CA682E542E7873AE00914E98 /* Assets.xcassets */ = {isa = PBXFileReference; lastKnownFileType = folder.assetcatalog; path = Assets.xcassets; sourceTree = "<group>"; };
		CA682E552E7873AE00914E98 /* MainApp.swift */ = {isa = PBXFileReference; lastKnownFileType = sourcecode.swift; path = MainApp.swift; sourceTree = "<group>"; };
		CA682E562E7873AE00914E98 /* MainScreenView.swift */ = {isa = PBXFileReference; lastKnownFileType = sourcecode.swift; path = MainScreenView.swift; sourceTree = "<group>"; };
		CA682E592E7873AE00914E98 /* MainStorageContainer.xcdatamodel */ = {isa = PBXFileReference; lastKnownFileType = wrapper.xcdatamodel; path = MainStorageContainer.xcdatamodel; sourceTree = "<group>"; };
		CA682E642E78742700914E98 /* Constants.swift */ = {isa = PBXFileReference; lastKnownFileType = sourcecode.swift; path = Constants.swift; sourceTree = "<group>"; };
		CA682E662E78754B00914E98 /* CoreDataHelper.swift */ = {isa = PBXFileReference; lastKnownFileType = sourcecode.swift; path = CoreDataHelper.swift; sourceTree = "<group>"; };
		CA682E682E7878AD00914E98 /* MainScreenViewModel.swift */ = {isa = PBXFileReference; lastKnownFileType = sourcecode.swift; path = MainScreenViewModel.swift; sourceTree = "<group>"; };
		CA682E6D2E787A0700914E98 /* DescriptionSceenView.swift */ = {isa = PBXFileReference; lastKnownFileType = sourcecode.swift; path = DescriptionSceenView.swift; sourceTree = "<group>"; };
		CA682E722E788BBB00914E98 /* NetworkService.swift */ = {isa = PBXFileReference; lastKnownFileType = sourcecode.swift; path = NetworkService.swift; sourceTree = "<group>"; };
		CA682E742E788BC100914E98 /* CoreDataStorageService.swift */ = {isa = PBXFileReference; lastKnownFileType = sourcecode.swift; path = CoreDataStorageService.swift; sourceTree = "<group>"; };
		CA956A232E798EA100E759FD /* NumberTextView.swift */ = {isa = PBXFileReference; lastKnownFileType = sourcecode.swift; path = NumberTextView.swift; sourceTree = "<group>"; };
		CA956A252E798FAF00E759FD /* ButtonStyle.swift */ = {isa = PBXFileReference; lastKnownFileType = sourcecode.swift; path = ButtonStyle.swift; sourceTree = "<group>"; };
		CA956A282E79A53100E759FD /* NumberDataModel.swift */ = {isa = PBXFileReference; lastKnownFileType = sourcecode.swift; path = NumberDataModel.swift; sourceTree = "<group>"; };
		CA956A2A2E79A56000E759FD /* StorageProtocol.swift */ = {isa = PBXFileReference; lastKnownFileType = sourcecode.swift; path = StorageProtocol.swift; sourceTree = "<group>"; };
		CA956A2C2E79AA1F00E759FD /* UserDefaultsStorageServece.swift */ = {isa = PBXFileReference; lastKnownFileType = sourcecode.swift; path = UserDefaultsStorageServece.swift; sourceTree = "<group>"; };
		CA956A2F2E79B51700E759FD /* StorageService.swift */ = {isa = PBXFileReference; lastKnownFileType = sourcecode.swift; path = StorageService.swift; sourceTree = "<group>"; };
		CAF2B0B92E78B266000749D2 /* Info.plist */ = {isa = PBXFileReference; lastKnownFileType = text.plist.xml; path = Info.plist; sourceTree = "<group>"; };
/* End PBXFileReference section */

/* Begin PBXFrameworksBuildPhase section */
		CA0E38AD2E786DB8002016A5 /* Frameworks */ = {
			isa = PBXFrameworksBuildPhase;
			buildActionMask = 2147483647;
			files = (
			);
			runOnlyForDeploymentPostprocessing = 0;
		};
/* End PBXFrameworksBuildPhase section */

/* Begin PBXGroup section */
		CA0E38A72E786DB8002016A5 = {
			isa = PBXGroup;
			children = (
				CA682E582E7873AE00914E98 /* NumbersFactsApp */,
				CA0E38B12E786DB8002016A5 /* Products */,
			);
			sourceTree = "<group>";
		};
		CA0E38B12E786DB8002016A5 /* Products */ = {
			isa = PBXGroup;
			children = (
				CA0E38B02E786DB8002016A5 /* NumbersFactsApp.app */,
			);
			name = Products;
			sourceTree = "<group>";
		};
		CA682E582E7873AE00914E98 /* NumbersFactsApp */ = {
			isa = PBXGroup;
			children = (
				CA682E5E2E7873B000914E98 /* Resources */,
				CA956A272E79A51500E759FD /* DataModel */,
				CA682E632E78741C00914E98 /* Utilities */,
				CA682E712E788BB100914E98 /* Services */,
				CA682E5F2E7873D200914E98 /* MainApp */,
			);
			path = NumbersFactsApp;
			sourceTree = "<group>";
		};
		CA682E5E2E7873B000914E98 /* Resources */ = {
			isa = PBXGroup;
			children = (
				CAF2B0B92E78B266000749D2 /* Info.plist */,
				CA682E542E7873AE00914E98 /* Assets.xcassets */,
				CA682E572E7873AE00914E98 /* MainStorageContainer.xcdatamodeld */,
			);
			path = Resources;
			sourceTree = "<group>";
		};
		CA682E5F2E7873D200914E98 /* MainApp */ = {
			isa = PBXGroup;
			children = (
				CA956B0E2E79D50E00E759FD /* SharedUI */,
				CA682E6A2E7879C800914E98 /* DescriptionScreen */,
				CA682E602E7873E500914E98 /* MainScreen */,
				CA682E552E7873AE00914E98 /* MainApp.swift */,
			);
			path = MainApp;
			sourceTree = "<group>";
		};
		CA682E602E7873E500914E98 /* MainScreen */ = {
			isa = PBXGroup;
			children = (
				CA682E622E7873FD00914E98 /* ViewModel */,
				CA682E612E7873EF00914E98 /* View */,
			);
			path = MainScreen;
			sourceTree = "<group>";
		};
		CA682E612E7873EF00914E98 /* View */ = {
			isa = PBXGroup;
			children = (
				CA682E562E7873AE00914E98 /* MainScreenView.swift */,
			);
			path = View;
			sourceTree = "<group>";
		};
		CA682E622E7873FD00914E98 /* ViewModel */ = {
			isa = PBXGroup;
			children = (
				CA682E682E7878AD00914E98 /* MainScreenViewModel.swift */,
			);
			path = ViewModel;
			sourceTree = "<group>";
		};
		CA682E632E78741C00914E98 /* Utilities */ = {
			isa = PBXGroup;
			children = (
				CA682E662E78754B00914E98 /* CoreDataHelper.swift */,
				CA682E642E78742700914E98 /* Constants.swift */,
			);
			path = Utilities;
			sourceTree = "<group>";
		};
		CA682E6A2E7879C800914E98 /* DescriptionScreen */ = {
			isa = PBXGroup;
			children = (
				CA682E6B2E7879D900914E98 /* View */,
			);
			path = DescriptionScreen;
			sourceTree = "<group>";
		};
		CA682E6B2E7879D900914E98 /* View */ = {
			isa = PBXGroup;
			children = (
				CA682E6D2E787A0700914E98 /* DescriptionSceenView.swift */,
			);
			path = View;
			sourceTree = "<group>";
		};
		CA682E712E788BB100914E98 /* Services */ = {
			isa = PBXGroup;
			children = (
				CA956A312E79B5E400E759FD /* Storrages */,
				CA956A2F2E79B51700E759FD /* StorageService.swift */,
				CA682E722E788BBB00914E98 /* NetworkService.swift */,
			);
			path = Services;
			sourceTree = "<group>";
		};
		CA956A272E79A51500E759FD /* DataModel */ = {
			isa = PBXGroup;
			children = (
				CA956A282E79A53100E759FD /* NumberDataModel.swift */,
			);
			path = DataModel;
			sourceTree = "<group>";
		};
		CA956A312E79B5E400E759FD /* Storrages */ = {
			isa = PBXGroup;
			children = (
				CA956A2A2E79A56000E759FD /* StorageProtocol.swift */,
				CA956A2C2E79AA1F00E759FD /* UserDefaultsStorageServece.swift */,
				CA682E742E788BC100914E98 /* CoreDataStorageService.swift */,
			);
			path = Storrages;
			sourceTree = "<group>";
		};
		CA956B0E2E79D50E00E759FD /* SharedUI */ = {
			isa = PBXGroup;
			children = (
				CA956A232E798EA100E759FD /* NumberTextView.swift */,
				CA956A252E798FAF00E759FD /* ButtonStyle.swift */,
			);
			path = SharedUI;
			sourceTree = "<group>";
		};
/* End PBXGroup section */

/* Begin PBXNativeTarget section */
		CA0E38AF2E786DB8002016A5 /* NumbersFactsApp */ = {
			isa = PBXNativeTarget;
			buildConfigurationList = CA0E38BB2E786DB9002016A5 /* Build configuration list for PBXNativeTarget "NumbersFactsApp" */;
			buildPhases = (
				CA0E38AC2E786DB8002016A5 /* Sources */,
				CA0E38AD2E786DB8002016A5 /* Frameworks */,
				CA0E38AE2E786DB8002016A5 /* Resources */,
			);
			buildRules = (
			);
			dependencies = (
			);
			name = NumbersFactsApp;
			packageProductDependencies = (
			);
			productName = NumbersFactsApp;
			productReference = CA0E38B02E786DB8002016A5 /* NumbersFactsApp.app */;
			productType = "com.apple.product-type.application";
		};
/* End PBXNativeTarget section */

/* Begin PBXProject section */
		CA0E38A82E786DB8002016A5 /* Project object */ = {
			isa = PBXProject;
			attributes = {
				BuildIndependentTargetsInParallel = 1;
				LastSwiftUpdateCheck = 1640;
				LastUpgradeCheck = 1640;
				TargetAttributes = {
					CA0E38AF2E786DB8002016A5 = {
						CreatedOnToolsVersion = 16.4;
					};
				};
			};
			buildConfigurationList = CA0E38AB2E786DB8002016A5 /* Build configuration list for PBXProject "NumbersFactsApp" */;
			developmentRegion = en;
			hasScannedForEncodings = 0;
			knownRegions = (
				en,
				Base,
			);
			mainGroup = CA0E38A72E786DB8002016A5;
			minimizedProjectReferenceProxies = 1;
			preferredProjectObjectVersion = 77;
			productRefGroup = CA0E38B12E786DB8002016A5 /* Products */;
			projectDirPath = "";
			projectRoot = "";
			targets = (
				CA0E38AF2E786DB8002016A5 /* NumbersFactsApp */,
			);
		};
/* End PBXProject section */

/* Begin PBXResourcesBuildPhase section */
		CA0E38AE2E786DB8002016A5 /* Resources */ = {
			isa = PBXResourcesBuildPhase;
			buildActionMask = 2147483647;
			files = (
				CA682E5A2E7873AE00914E98 /* Assets.xcassets in Resources */,
			);
			runOnlyForDeploymentPostprocessing = 0;
		};
/* End PBXResourcesBuildPhase section */

/* Begin PBXSourcesBuildPhase section */
		CA0E38AC2E786DB8002016A5 /* Sources */ = {
			isa = PBXSourcesBuildPhase;
			buildActionMask = 2147483647;
			files = (
				CA956A2D2E79AA2D00E759FD /* UserDefaultsStorageServece.swift in Sources */,
				CA682E672E78755500914E98 /* CoreDataHelper.swift in Sources */,
				CA682E5B2E7873AE00914E98 /* MainApp.swift in Sources */,
				CA956A262E798FAF00E759FD /* ButtonStyle.swift in Sources */,
				CA682E732E788BBD00914E98 /* NetworkService.swift in Sources */,
				CA956A292E79A53100E759FD /* NumberDataModel.swift in Sources */,
				CA682E5C2E7873AE00914E98 /* MainScreenView.swift in Sources */,
				CA682E6E2E787A0700914E98 /* DescriptionSceenView.swift in Sources */,
				CA682E5D2E7873AE00914E98 /* MainStorageContainer.xcdatamodeld in Sources */,
				CA682E652E78742D00914E98 /* Constants.swift in Sources */,
				CA956A302E79B51700E759FD /* StorageService.swift in Sources */,
				CA682E752E788BC500914E98 /* CoreDataStorageService.swift in Sources */,
				CA956A242E798EA100E759FD /* NumberTextView.swift in Sources */,
				CA956A2B2E79A56900E759FD /* StorageProtocol.swift in Sources */,
				CA682E692E7878B500914E98 /* MainScreenViewModel.swift in Sources */,
			);
			runOnlyForDeploymentPostprocessing = 0;
		};
/* End PBXSourcesBuildPhase section */

/* Begin XCBuildConfiguration section */
		CA0E38B92E786DB9002016A5 /* Debug */ = {
			isa = XCBuildConfiguration;
			buildSettings = {
				ALWAYS_SEARCH_USER_PATHS = NO;
				ASSETCATALOG_COMPILER_GENERATE_SWIFT_ASSET_SYMBOL_EXTENSIONS = YES;
				CLANG_ANALYZER_NONNULL = YES;
				CLANG_ANALYZER_NUMBER_OBJECT_CONVERSION = YES_AGGRESSIVE;
				CLANG_CXX_LANGUAGE_STANDARD = "gnu++20";
				CLANG_ENABLE_MODULES = YES;
				CLANG_ENABLE_OBJC_ARC = YES;
				CLANG_ENABLE_OBJC_WEAK = YES;
				CLANG_WARN_BLOCK_CAPTURE_AUTORELEASING = YES;
				CLANG_WARN_BOOL_CONVERSION = YES;
				CLANG_WARN_COMMA = YES;
				CLANG_WARN_CONSTANT_CONVERSION = YES;
				CLANG_WARN_DEPRECATED_OBJC_IMPLEMENTATIONS = YES;
				CLANG_WARN_DIRECT_OBJC_ISA_USAGE = YES_ERROR;
				CLANG_WARN_DOCUMENTATION_COMMENTS = YES;
				CLANG_WARN_EMPTY_BODY = YES;
				CLANG_WARN_ENUM_CONVERSION = YES;
				CLANG_WARN_INFINITE_RECURSION = YES;
				CLANG_WARN_INT_CONVERSION = YES;
				CLANG_WARN_NON_LITERAL_NULL_CONVERSION = YES;
				CLANG_WARN_OBJC_IMPLICIT_RETAIN_SELF = YES;
				CLANG_WARN_OBJC_LITERAL_CONVERSION = YES;
				CLANG_WARN_OBJC_ROOT_CLASS = YES_ERROR;
				CLANG_WARN_QUOTED_INCLUDE_IN_FRAMEWORK_HEADER = YES;
				CLANG_WARN_RANGE_LOOP_ANALYSIS = YES;
				CLANG_WARN_STRICT_PROTOTYPES = YES;
				CLANG_WARN_SUSPICIOUS_MOVE = YES;
				CLANG_WARN_UNGUARDED_AVAILABILITY = YES_AGGRESSIVE;
				CLANG_WARN_UNREACHABLE_CODE = YES;
				CLANG_WARN__DUPLICATE_METHOD_MATCH = YES;
				COPY_PHASE_STRIP = NO;
				DEBUG_INFORMATION_FORMAT = dwarf;
				ENABLE_STRICT_OBJC_MSGSEND = YES;
				ENABLE_TESTABILITY = YES;
				ENABLE_USER_SCRIPT_SANDBOXING = YES;
				GCC_C_LANGUAGE_STANDARD = gnu17;
				GCC_DYNAMIC_NO_PIC = NO;
				GCC_NO_COMMON_BLOCKS = YES;
				GCC_OPTIMIZATION_LEVEL = 0;
				GCC_PREPROCESSOR_DEFINITIONS = (
					"DEBUG=1",
					"$(inherited)",
				);
				GCC_WARN_64_TO_32_BIT_CONVERSION = YES;
				GCC_WARN_ABOUT_RETURN_TYPE = YES_ERROR;
				GCC_WARN_UNDECLARED_SELECTOR = YES;
				GCC_WARN_UNINITIALIZED_AUTOS = YES_AGGRESSIVE;
				GCC_WARN_UNUSED_FUNCTION = YES;
				GCC_WARN_UNUSED_VARIABLE = YES;
				IPHONEOS_DEPLOYMENT_TARGET = 18.5;
				LOCALIZATION_PREFERS_STRING_CATALOGS = YES;
				MTL_ENABLE_DEBUG_INFO = INCLUDE_SOURCE;
				MTL_FAST_MATH = YES;
				ONLY_ACTIVE_ARCH = YES;
				SDKROOT = iphoneos;
				SWIFT_ACTIVE_COMPILATION_CONDITIONS = "DEBUG $(inherited)";
				SWIFT_OPTIMIZATION_LEVEL = "-Onone";
			};
			name = Debug;
		};
		CA0E38BA2E786DB9002016A5 /* Release */ = {
			isa = XCBuildConfiguration;
			buildSettings = {
				ALWAYS_SEARCH_USER_PATHS = NO;
				ASSETCATALOG_COMPILER_GENERATE_SWIFT_ASSET_SYMBOL_EXTENSIONS = YES;
				CLANG_ANALYZER_NONNULL = YES;
				CLANG_ANALYZER_NUMBER_OBJECT_CONVERSION = YES_AGGRESSIVE;
				CLANG_CXX_LANGUAGE_STANDARD = "gnu++20";
				CLANG_ENABLE_MODULES = YES;
				CLANG_ENABLE_OBJC_ARC = YES;
				CLANG_ENABLE_OBJC_WEAK = YES;
				CLANG_WARN_BLOCK_CAPTURE_AUTORELEASING = YES;
				CLANG_WARN_BOOL_CONVERSION = YES;
				CLANG_WARN_COMMA = YES;
				CLANG_WARN_CONSTANT_CONVERSION = YES;
				CLANG_WARN_DEPRECATED_OBJC_IMPLEMENTATIONS = YES;
				CLANG_WARN_DIRECT_OBJC_ISA_USAGE = YES_ERROR;
				CLANG_WARN_DOCUMENTATION_COMMENTS = YES;
				CLANG_WARN_EMPTY_BODY = YES;
				CLANG_WARN_ENUM_CONVERSION = YES;
				CLANG_WARN_INFINITE_RECURSION = YES;
				CLANG_WARN_INT_CONVERSION = YES;
				CLANG_WARN_NON_LITERAL_NULL_CONVERSION = YES;
				CLANG_WARN_OBJC_IMPLICIT_RETAIN_SELF = YES;
				CLANG_WARN_OBJC_LITERAL_CONVERSION = YES;
				CLANG_WARN_OBJC_ROOT_CLASS = YES_ERROR;
				CLANG_WARN_QUOTED_INCLUDE_IN_FRAMEWORK_HEADER = YES;
				CLANG_WARN_RANGE_LOOP_ANALYSIS = YES;
				CLANG_WARN_STRICT_PROTOTYPES = YES;
				CLANG_WARN_SUSPICIOUS_MOVE = YES;
				CLANG_WARN_UNGUARDED_AVAILABILITY = YES_AGGRESSIVE;
				CLANG_WARN_UNREACHABLE_CODE = YES;
				CLANG_WARN__DUPLICATE_METHOD_MATCH = YES;
				COPY_PHASE_STRIP = NO;
				DEBUG_INFORMATION_FORMAT = "dwarf-with-dsym";
				ENABLE_NS_ASSERTIONS = NO;
				ENABLE_STRICT_OBJC_MSGSEND = YES;
				ENABLE_USER_SCRIPT_SANDBOXING = YES;
				GCC_C_LANGUAGE_STANDARD = gnu17;
				GCC_NO_COMMON_BLOCKS = YES;
				GCC_WARN_64_TO_32_BIT_CONVERSION = YES;
				GCC_WARN_ABOUT_RETURN_TYPE = YES_ERROR;
				GCC_WARN_UNDECLARED_SELECTOR = YES;
				GCC_WARN_UNINITIALIZED_AUTOS = YES_AGGRESSIVE;
				GCC_WARN_UNUSED_FUNCTION = YES;
				GCC_WARN_UNUSED_VARIABLE = YES;
				IPHONEOS_DEPLOYMENT_TARGET = 18.5;
				LOCALIZATION_PREFERS_STRING_CATALOGS = YES;
				MTL_ENABLE_DEBUG_INFO = NO;
				MTL_FAST_MATH = YES;
				SDKROOT = iphoneos;
				SWIFT_COMPILATION_MODE = wholemodule;
				VALIDATE_PRODUCT = YES;
			};
			name = Release;
		};
		CA0E38BC2E786DB9002016A5 /* Debug */ = {
			isa = XCBuildConfiguration;
			buildSettings = {
				ASSETCATALOG_COMPILER_APPICON_NAME = AppIcon;
				ASSETCATALOG_COMPILER_GLOBAL_ACCENT_COLOR_NAME = AccentColor;
				CODE_SIGN_IDENTITY = "Apple Development";
				CODE_SIGN_STYLE = Automatic;
				CURRENT_PROJECT_VERSION = 1;
				DEVELOPMENT_TEAM = "";
				ENABLE_PREVIEWS = YES;
				GENERATE_INFOPLIST_FILE = YES;
				INFOPLIST_FILE = NumbersFactsApp/Resources/Info.plist;
				INFOPLIST_KEY_LSApplicationCategoryType = "public.app-category.education";
				INFOPLIST_KEY_UIApplicationSceneManifest_Generation = YES;
				INFOPLIST_KEY_UIApplicationSupportsIndirectInputEvents = YES;
				INFOPLIST_KEY_UILaunchScreen_Generation = YES;
				INFOPLIST_KEY_UISupportedInterfaceOrientations = "UIInterfaceOrientationLandscapeLeft UIInterfaceOrientationLandscapeRight UIInterfaceOrientationPortrait";
				INFOPLIST_KEY_UISupportedInterfaceOrientations_iPad = "UIInterfaceOrientationLandscapeLeft UIInterfaceOrientationLandscapeRight UIInterfaceOrientationPortrait UIInterfaceOrientationPortraitUpsideDown";
				IPHONEOS_DEPLOYMENT_TARGET = 18.0;
				LD_RUNPATH_SEARCH_PATHS = (
					"$(inherited)",
					"@executable_path/Frameworks",
				);
				MARKETING_VERSION = 1.0;
				PRODUCT_BUNDLE_IDENTIFIER = com.huntdigit.NumbersFactsApp;
				PRODUCT_NAME = "$(TARGET_NAME)";
				PROVISIONING_PROFILE_SPECIFIER = "";
				SWIFT_EMIT_LOC_STRINGS = YES;
				SWIFT_VERSION = 5.0;
				TARGETED_DEVICE_FAMILY = "1,2";
			};
			name = Debug;
		};
		CA0E38BD2E786DB9002016A5 /* Release */ = {
			isa = XCBuildConfiguration;
			buildSettings = {
				ASSETCATALOG_COMPILER_APPICON_NAME = AppIcon;
				ASSETCATALOG_COMPILER_GLOBAL_ACCENT_COLOR_NAME = AccentColor;
				CODE_SIGN_IDENTITY = "Apple Development";
				CODE_SIGN_STYLE = Automatic;
				CURRENT_PROJECT_VERSION = 1;
				DEVELOPMENT_TEAM = "";
				ENABLE_PREVIEWS = YES;
				GENERATE_INFOPLIST_FILE = YES;
				INFOPLIST_FILE = NumbersFactsApp/Resources/Info.plist;
				INFOPLIST_KEY_LSApplicationCategoryType = "public.app-category.education";
				INFOPLIST_KEY_UIApplicationSceneManifest_Generation = YES;
				INFOPLIST_KEY_UIApplicationSupportsIndirectInputEvents = YES;
				INFOPLIST_KEY_UILaunchScreen_Generation = YES;
				INFOPLIST_KEY_UISupportedInterfaceOrientations = "UIInterfaceOrientationLandscapeLeft UIInterfaceOrientationLandscapeRight UIInterfaceOrientationPortrait";
				INFOPLIST_KEY_UISupportedInterfaceOrientations_iPad = "UIInterfaceOrientationLandscapeLeft UIInterfaceOrientationLandscapeRight UIInterfaceOrientationPortrait UIInterfaceOrientationPortraitUpsideDown";
				IPHONEOS_DEPLOYMENT_TARGET = 18.0;
				LD_RUNPATH_SEARCH_PATHS = (
					"$(inherited)",
					"@executable_path/Frameworks",
				);
				MARKETING_VERSION = 1.0;
				PRODUCT_BUNDLE_IDENTIFIER = com.huntdigit.NumbersFactsApp;
				PRODUCT_NAME = "$(TARGET_NAME)";
				PROVISIONING_PROFILE_SPECIFIER = "";
				SWIFT_EMIT_LOC_STRINGS = YES;
				SWIFT_VERSION = 5.0;
				TARGETED_DEVICE_FAMILY = "1,2";
			};
			name = Release;
		};
/* End XCBuildConfiguration section */

/* Begin XCConfigurationList section */
		CA0E38AB2E786DB8002016A5 /* Build configuration list for PBXProject "NumbersFactsApp" */ = {
			isa = XCConfigurationList;
			buildConfigurations = (
				CA0E38B92E786DB9002016A5 /* Debug */,
				CA0E38BA2E786DB9002016A5 /* Release */,
			);
			defaultConfigurationIsVisible = 0;
			defaultConfigurationName = Release;
		};
		CA0E38BB2E786DB9002016A5 /* Build configuration list for PBXNativeTarget "NumbersFactsApp" */ = {
			isa = XCConfigurationList;
			buildConfigurations = (
				CA0E38BC2E786DB9002016A5 /* Debug */,
				CA0E38BD2E786DB9002016A5 /* Release */,
			);
			defaultConfigurationIsVisible = 0;
			defaultConfigurationName = Release;
		};
/* End XCConfigurationList section */

/* Begin XCVersionGroup section */
		CA682E572E7873AE00914E98 /* MainStorageContainer.xcdatamodeld */ = {
			isa = XCVersionGroup;
			children = (
				CA682E592E7873AE00914E98 /* MainStorageContainer.xcdatamodel */,
			);
			currentVersion = CA682E592E7873AE00914E98 /* MainStorageContainer.xcdatamodel */;
			path = MainStorageContainer.xcdatamodeld;
			sourceTree = "<group>";
			versionGroupType = wrapper.xcdatamodel;
		};
/* End XCVersionGroup section */
	};
	rootObject = CA0E38A82E786DB8002016A5 /* Project object */;
}
